
Microsoft Visual Studio Solution File, Format Version 12.00
# Visual Studio Version 16
VisualStudioVersion = 16.0.29806.167
MinimumVisualStudioVersion = 10.0.40219.1
Project("{FAE04EC0-301F-11D3-BF4B-00C04F79EFBC}") = "IdentityMVC", "IdentityMVC\IdentityMVC.csproj", "{B94CC6C8-D2C1-4800-BBBC-13E8E7B59016}"
EndProject
Global
	GlobalSection(SolutionConfigurationPlatforms) = preSolution
		Debug|Any CPU = Debug|Any CPU
		Release|Any CPU = Release|Any CPU
	EndGlobalSection
	GlobalSection(ProjectConfigurationPlatforms) = postSolution
		{B94CC6C8-D2C1-4800-BBBC-13E8E7B59016}.Debug|Any CPU.ActiveCfg = Debug|Any CPU
		{B94CC6C8-D2C1-4800-BBBC-13E8E7B59016}.Debug|Any CPU.Build.0 = Debug|Any CPU
		{B94CC6C8-D2C1-4800-BBBC-13E8E7B59016}.Release|Any CPU.ActiveCfg = Release|Any CPU
		{B94CC6C8-D2C1-4800-BBBC-13E8E7B59016}.Release|Any CPU.Build.0 = Release|Any CPU
	EndGlobalSection
	GlobalSection(SolutionProperties) = preSolution
		HideSolutionNode = FALSE
	EndGlobalSection
	GlobalSection(ExtensibilityGlobals) = postSolution
		SolutionGuid = {75503688-D593-4D72-BE00-9B4750287BDB}
	EndGlobalSection
EndGlobal
